
Microsoft Visual Studio Solution File, Format Version 12.00
# Visual Studio Version 17
VisualStudioVersion = 17.0.31903.59
MinimumVisualStudioVersion = 10.0.40219.1
Project("{2150E333-8FDC-42A3-9474-1A3956D46DE8}") = "Task4", "Task4", "{B43E1285-7F54-3F68-A242-7DECFC9841AC}"
EndProject
Project("{2150E333-8FDC-42A3-9474-1A3956D46DE8}") = "src", "src", "{7C2394BF-7F83-80EA-41A3-BC1EC514D395}"
EndProject
Project("{FAE04EC0-301F-11D3-BF4B-00C04F79EFBC}") = "Task4.WebAPI", "Task4-part2\src\Task4.WebAPI\Task4.WebAPI.csproj", "{3F22A683-8B17-406C-95B1-530A9DAE215E}"
EndProject
Project("{FAE04EC0-301F-11D3-BF4B-00C04F79EFBC}") = "Task4.DataAccess", "Task4-part2\src\Task4.DataAccess\Task4.DataAccess.csproj", "{4DF9237A-57F3-4A21-B540-EB2E2CF2FFF0}"
EndProject
Project("{FAE04EC0-301F-11D3-BF4B-00C04F79EFBC}") = "Task4.Core", "Task4-part2\src\Task4.Services\Task4.Core.csproj", "{EFE7DA74-F662-4137-A89C-8E7BB459465B}"
EndProject
Project("{FAE04EC0-301F-11D3-BF4B-00C04F79EFBC}") = "Task4.Domain", "Task4-part2\src\Task4.Domain\Task4.Domain.csproj", "{AC04033A-0E74-456A-8FC6-96AD4A283EE7}"
EndProject
Global
	GlobalSection(SolutionConfigurationPlatforms) = preSolution
		Debug|Any CPU = Debug|Any CPU
		Debug|x64 = Debug|x64
		Debug|x86 = Debug|x86
		Release|Any CPU = Release|Any CPU
		Release|x64 = Release|x64
		Release|x86 = Release|x86
	EndGlobalSection
	GlobalSection(ProjectConfigurationPlatforms) = postSolution
		{3F22A683-8B17-406C-95B1-530A9DAE215E}.Debug|Any CPU.ActiveCfg = Debug|Any CPU
		{3F22A683-8B17-406C-95B1-530A9DAE215E}.Debug|Any CPU.Build.0 = Debug|Any CPU
		{3F22A683-8B17-406C-95B1-530A9DAE215E}.Debug|x64.ActiveCfg = Debug|Any CPU
		{3F22A683-8B17-406C-95B1-530A9DAE215E}.Debug|x64.Build.0 = Debug|Any CPU
		{3F22A683-8B17-406C-95B1-530A9DAE215E}.Debug|x86.ActiveCfg = Debug|Any CPU
		{3F22A683-8B17-406C-95B1-530A9DAE215E}.Debug|x86.Build.0 = Debug|Any CPU
		{3F22A683-8B17-406C-95B1-530A9DAE215E}.Release|Any CPU.ActiveCfg = Release|Any CPU
		{3F22A683-8B17-406C-95B1-530A9DAE215E}.Release|Any CPU.Build.0 = Release|Any CPU
		{3F22A683-8B17-406C-95B1-530A9DAE215E}.Release|x64.ActiveCfg = Release|Any CPU
		{3F22A683-8B17-406C-95B1-530A9DAE215E}.Release|x64.Build.0 = Release|Any CPU
		{3F22A683-8B17-406C-95B1-530A9DAE215E}.Release|x86.ActiveCfg = Release|Any CPU
		{3F22A683-8B17-406C-95B1-530A9DAE215E}.Release|x86.Build.0 = Release|Any CPU
		{4DF9237A-57F3-4A21-B540-EB2E2CF2FFF0}.Debug|Any CPU.ActiveCfg = Debug|Any CPU
		{4DF9237A-57F3-4A21-B540-EB2E2CF2FFF0}.Debug|Any CPU.Build.0 = Debug|Any CPU
		{4DF9237A-57F3-4A21-B540-EB2E2CF2FFF0}.Debug|x64.ActiveCfg = Debug|Any CPU
		{4DF9237A-57F3-4A21-B540-EB2E2CF2FFF0}.Debug|x64.Build.0 = Debug|Any CPU
		{4DF9237A-57F3-4A21-B540-EB2E2CF2FFF0}.Debug|x86.ActiveCfg = Debug|Any CPU
		{4DF9237A-57F3-4A21-B540-EB2E2CF2FFF0}.Debug|x86.Build.0 = Debug|Any CPU
		{4DF9237A-57F3-4A21-B540-EB2E2CF2FFF0}.Release|Any CPU.ActiveCfg = Release|Any CPU
		{4DF9237A-57F3-4A21-B540-EB2E2CF2FFF0}.Release|Any CPU.Build.0 = Release|Any CPU
		{4DF9237A-57F3-4A21-B540-EB2E2CF2FFF0}.Release|x64.ActiveCfg = Release|Any CPU
		{4DF9237A-57F3-4A21-B540-EB2E2CF2FFF0}.Release|x64.Build.0 = Release|Any CPU
		{4DF9237A-57F3-4A21-B540-EB2E2CF2FFF0}.Release|x86.ActiveCfg = Release|Any CPU
		{4DF9237A-57F3-4A21-B540-EB2E2CF2FFF0}.Release|x86.Build.0 = Release|Any CPU
		{EFE7DA74-F662-4137-A89C-8E7BB459465B}.Debug|Any CPU.ActiveCfg = Debug|Any CPU
		{EFE7DA74-F662-4137-A89C-8E7BB459465B}.Debug|Any CPU.Build.0 = Debug|Any CPU
		{EFE7DA74-F662-4137-A89C-8E7BB459465B}.Debug|x64.ActiveCfg = Debug|Any CPU
		{EFE7DA74-F662-4137-A89C-8E7BB459465B}.Debug|x64.Build.0 = Debug|Any CPU
		{EFE7DA74-F662-4137-A89C-8E7BB459465B}.Debug|x86.ActiveCfg = Debug|Any CPU
		{EFE7DA74-F662-4137-A89C-8E7BB459465B}.Debug|x86.Build.0 = Debug|Any CPU
		{EFE7DA74-F662-4137-A89C-8E7BB459465B}.Release|Any CPU.ActiveCfg = Release|Any CPU
		{EFE7DA74-F662-4137-A89C-8E7BB459465B}.Release|Any CPU.Build.0 = Release|Any CPU
		{EFE7DA74-F662-4137-A89C-8E7BB459465B}.Release|x64.ActiveCfg = Release|Any CPU
		{EFE7DA74-F662-4137-A89C-8E7BB459465B}.Release|x64.Build.0 = Release|Any CPU
		{EFE7DA74-F662-4137-A89C-8E7BB459465B}.Release|x86.ActiveCfg = Release|Any CPU
		{EFE7DA74-F662-4137-A89C-8E7BB459465B}.Release|x86.Build.0 = Release|Any CPU
		{AC04033A-0E74-456A-8FC6-96AD4A283EE7}.Debug|Any CPU.ActiveCfg = Debug|Any CPU
		{AC04033A-0E74-456A-8FC6-96AD4A283EE7}.Debug|Any CPU.Build.0 = Debug|Any CPU
		{AC04033A-0E74-456A-8FC6-96AD4A283EE7}.Debug|x64.ActiveCfg = Debug|Any CPU
		{AC04033A-0E74-456A-8FC6-96AD4A283EE7}.Debug|x64.Build.0 = Debug|Any CPU
		{AC04033A-0E74-456A-8FC6-96AD4A283EE7}.Debug|x86.ActiveCfg = Debug|Any CPU
		{AC04033A-0E74-456A-8FC6-96AD4A283EE7}.Debug|x86.Build.0 = Debug|Any CPU
		{AC04033A-0E74-456A-8FC6-96AD4A283EE7}.Release|Any CPU.ActiveCfg = Release|Any CPU
		{AC04033A-0E74-456A-8FC6-96AD4A283EE7}.Release|Any CPU.Build.0 = Release|Any CPU
		{AC04033A-0E74-456A-8FC6-96AD4A283EE7}.Release|x64.ActiveCfg = Release|Any CPU
		{AC04033A-0E74-456A-8FC6-96AD4A283EE7}.Release|x64.Build.0 = Release|Any CPU
		{AC04033A-0E74-456A-8FC6-96AD4A283EE7}.Release|x86.ActiveCfg = Release|Any CPU
		{AC04033A-0E74-456A-8FC6-96AD4A283EE7}.Release|x86.Build.0 = Release|Any CPU
	EndGlobalSection
	GlobalSection(SolutionProperties) = preSolution
		HideSolutionNode = FALSE
	EndGlobalSection
	GlobalSection(NestedProjects) = preSolution
		{7C2394BF-7F83-80EA-41A3-BC1EC514D395} = {B43E1285-7F54-3F68-A242-7DECFC9841AC}
		{3F22A683-8B17-406C-95B1-530A9DAE215E} = {7C2394BF-7F83-80EA-41A3-BC1EC514D395}
		{4DF9237A-57F3-4A21-B540-EB2E2CF2FFF0} = {7C2394BF-7F83-80EA-41A3-BC1EC514D395}
		{EFE7DA74-F662-4137-A89C-8E7BB459465B} = {7C2394BF-7F83-80EA-41A3-BC1EC514D395}
		{AC04033A-0E74-456A-8FC6-96AD4A283EE7} = {7C2394BF-7F83-80EA-41A3-BC1EC514D395}
	EndGlobalSection
EndGlobal
